
Microsoft Visual Studio Solution File, Format Version 12.00
# Visual Studio 15
VisualStudioVersion = 15.0.26228.9
MinimumVisualStudioVersion = 10.0.40219.1
Project("{FAE04EC0-301F-11D3-BF4B-00C04F79EFBC}") = "SimpleZipCode", "SimpleZipCode\SimpleZipCode.csproj", "{F5A869D6-0F69-4C26-BEE2-917E3DA08061}"
EndProject
Project("{FAE04EC0-301F-11D3-BF4B-00C04F79EFBC}") = "SimpleZipeCode.Tests", "SimpleZipeCode.Tests\SimpleZipeCode.Tests.csproj", "{FF6363B4-EB03-4A68-9217-BA65DEFF4F59}"
EndProject
Project("{2150E333-8FDC-42A3-9474-1A3956D46DE8}") = ".nuget", ".nuget", "{D8D18211-0DF1-4054-BD0C-7AB084773CC7}"
	ProjectSection(SolutionItems) = preProject
		.nuget\packages.config = .nuget\packages.config
	EndProjectSection
EndProject
Global
	GlobalSection(SolutionConfigurationPlatforms) = preSolution
		Debug|Any CPU = Debug|Any CPU
		Release-Net45|Any CPU = Release-Net45|Any CPU
	EndGlobalSection
	GlobalSection(ProjectConfigurationPlatforms) = postSolution
		{F5A869D6-0F69-4C26-BEE2-917E3DA08061}.Debug|Any CPU.ActiveCfg = Debug|Any CPU
		{F5A869D6-0F69-4C26-BEE2-917E3DA08061}.Debug|Any CPU.Build.0 = Debug|Any CPU
		{F5A869D6-0F69-4C26-BEE2-917E3DA08061}.Release-Net45|Any CPU.ActiveCfg = Release-Net45|Any CPU
		{F5A869D6-0F69-4C26-BEE2-917E3DA08061}.Release-Net45|Any CPU.Build.0 = Release-Net45|Any CPU
		{FF6363B4-EB03-4A68-9217-BA65DEFF4F59}.Debug|Any CPU.ActiveCfg = Debug|Any CPU
		{FF6363B4-EB03-4A68-9217-BA65DEFF4F59}.Debug|Any CPU.Build.0 = Debug|Any CPU
		{FF6363B4-EB03-4A68-9217-BA65DEFF4F59}.Release-Net45|Any CPU.ActiveCfg = Release-Net45|Any CPU
		{FF6363B4-EB03-4A68-9217-BA65DEFF4F59}.Release-Net45|Any CPU.Build.0 = Release-Net45|Any CPU
	EndGlobalSection
	GlobalSection(SolutionProperties) = preSolution
		HideSolutionNode = FALSE
	EndGlobalSection
EndGlobal
